
Microsoft Visual Studio Solution File, Format Version 12.00
# Visual Studio Version 16
VisualStudioVersion = 16.0.29503.13
MinimumVisualStudioVersion = 10.0.40219.1
Project("{9A19103F-16F7-4668-BE54-9A1E7A4F7556}") = "EncryptorSync", "EncryptorSync\EncryptorSync.csproj", "{4451A197-9241-42D8-8CFD-8B4C01554FA7}"
EndProject
Project("{9A19103F-16F7-4668-BE54-9A1E7A4F7556}") = "EncryptorSync.Tests", "EncryptorSync.Tests\EncryptorSync.Tests.csproj", "{EE4F09CA-6CC9-4431-B84F-214AAAAF5593}"
EndProject
Project("{9A19103F-16F7-4668-BE54-9A1E7A4F7556}") = "Encryption", "Encryption\Encryption.csproj", "{AFE3A24E-8C38-48A6-A20C-61B11D2FA2A6}"
EndProject
Project("{9A19103F-16F7-4668-BE54-9A1E7A4F7556}") = "BackgroundScripts", "BackgroundScripts\BackgroundScripts.csproj", "{A1C43602-5C08-408C-AD70-3A05E1D1C531}"
EndProject
Project("{9A19103F-16F7-4668-BE54-9A1E7A4F7556}") = "FileManager", "FileManager\FileManager.csproj", "{B157C215-2930-43D7-B607-95E78434163C}"
EndProject
Project("{9A19103F-16F7-4668-BE54-9A1E7A4F7556}") = "FileManager.Tests", "FileManager.Tests\FileManager.Tests.csproj", "{595250AE-2750-4A96-9EE4-1C0BDD420F12}"
EndProject
Project("{2150E333-8FDC-42A3-9474-1A3956D46DE8}") = "Tests", "Tests", "{60510467-9117-468C-91A6-41DC398DBFFD}"
EndProject
Project("{2150E333-8FDC-42A3-9474-1A3956D46DE8}") = "Web", "Web", "{2BDCB742-A18C-4318-B344-4DA420D88DFC}"
EndProject
Project("{2150E333-8FDC-42A3-9474-1A3956D46DE8}") = "Persistence", "Persistence", "{E463D966-3055-450E-BF1D-0CBE69049815}"
EndProject
Project("{2150E333-8FDC-42A3-9474-1A3956D46DE8}") = "Services", "Services", "{C704477E-2008-49A4-B7AD-7949ADD26386}"
EndProject
Project("{9A19103F-16F7-4668-BE54-9A1E7A4F7556}") = "Encryption.Domain", "Encryption.Domain\Encryption.Domain.csproj", "{725AFEA6-9D73-4E36-A7FF-25A8BE49FFDC}"
EndProject
Project("{9A19103F-16F7-4668-BE54-9A1E7A4F7556}") = "Encryption.Application", "Encryption.Application\Encryption.Application.csproj", "{E7F7C07A-81C2-40F1-B2B2-56ED952B6EF4}"
EndProject
Project("{9A19103F-16F7-4668-BE54-9A1E7A4F7556}") = "Encryptor.Persistence", "Encryptor.Persistence\Encryptor.Persistence.csproj", "{8C435140-C23A-4E0A-A05C-91CAD37304A1}"
EndProject
Project("{2150E333-8FDC-42A3-9474-1A3956D46DE8}") = "Console", "Console", "{6A8BCA19-D237-45F1-8779-714FC82AC615}"
EndProject
Project("{FAE04EC0-301F-11D3-BF4B-00C04F79EFBC}") = "EmailSpoofingConsole", "EmailSpoofingConsole\EmailSpoofingConsole.csproj", "{5148922D-D634-4CE4-BC3D-2AFE011D57D8}"
EndProject
Project("{2150E333-8FDC-42A3-9474-1A3956D46DE8}") = "Common", "Common", "{79B692E4-68FF-4F4D-A837-A944CE391471}"
EndProject
Global
	GlobalSection(SolutionConfigurationPlatforms) = preSolution
		Debug|Any CPU = Debug|Any CPU
		Release|Any CPU = Release|Any CPU
	EndGlobalSection
	GlobalSection(ProjectConfigurationPlatforms) = postSolution
		{4451A197-9241-42D8-8CFD-8B4C01554FA7}.Debug|Any CPU.ActiveCfg = Debug|Any CPU
		{4451A197-9241-42D8-8CFD-8B4C01554FA7}.Debug|Any CPU.Build.0 = Debug|Any CPU
		{4451A197-9241-42D8-8CFD-8B4C01554FA7}.Release|Any CPU.ActiveCfg = Release|Any CPU
		{4451A197-9241-42D8-8CFD-8B4C01554FA7}.Release|Any CPU.Build.0 = Release|Any CPU
		{EE4F09CA-6CC9-4431-B84F-214AAAAF5593}.Debug|Any CPU.ActiveCfg = Debug|Any CPU
		{EE4F09CA-6CC9-4431-B84F-214AAAAF5593}.Debug|Any CPU.Build.0 = Debug|Any CPU
		{EE4F09CA-6CC9-4431-B84F-214AAAAF5593}.Release|Any CPU.ActiveCfg = Release|Any CPU
		{EE4F09CA-6CC9-4431-B84F-214AAAAF5593}.Release|Any CPU.Build.0 = Release|Any CPU
		{AFE3A24E-8C38-48A6-A20C-61B11D2FA2A6}.Debug|Any CPU.ActiveCfg = Debug|Any CPU
		{AFE3A24E-8C38-48A6-A20C-61B11D2FA2A6}.Debug|Any CPU.Build.0 = Debug|Any CPU
		{AFE3A24E-8C38-48A6-A20C-61B11D2FA2A6}.Release|Any CPU.ActiveCfg = Release|Any CPU
		{AFE3A24E-8C38-48A6-A20C-61B11D2FA2A6}.Release|Any CPU.Build.0 = Release|Any CPU
		{A1C43602-5C08-408C-AD70-3A05E1D1C531}.Debug|Any CPU.ActiveCfg = Debug|Any CPU
		{A1C43602-5C08-408C-AD70-3A05E1D1C531}.Debug|Any CPU.Build.0 = Debug|Any CPU
		{A1C43602-5C08-408C-AD70-3A05E1D1C531}.Release|Any CPU.ActiveCfg = Release|Any CPU
		{A1C43602-5C08-408C-AD70-3A05E1D1C531}.Release|Any CPU.Build.0 = Release|Any CPU
		{B157C215-2930-43D7-B607-95E78434163C}.Debug|Any CPU.ActiveCfg = Debug|Any CPU
		{B157C215-2930-43D7-B607-95E78434163C}.Debug|Any CPU.Build.0 = Debug|Any CPU
		{B157C215-2930-43D7-B607-95E78434163C}.Release|Any CPU.ActiveCfg = Release|Any CPU
		{B157C215-2930-43D7-B607-95E78434163C}.Release|Any CPU.Build.0 = Release|Any CPU
		{595250AE-2750-4A96-9EE4-1C0BDD420F12}.Debug|Any CPU.ActiveCfg = Debug|Any CPU
		{595250AE-2750-4A96-9EE4-1C0BDD420F12}.Debug|Any CPU.Build.0 = Debug|Any CPU
		{595250AE-2750-4A96-9EE4-1C0BDD420F12}.Release|Any CPU.ActiveCfg = Release|Any CPU
		{595250AE-2750-4A96-9EE4-1C0BDD420F12}.Release|Any CPU.Build.0 = Release|Any CPU
		{725AFEA6-9D73-4E36-A7FF-25A8BE49FFDC}.Debug|Any CPU.ActiveCfg = Debug|Any CPU
		{725AFEA6-9D73-4E36-A7FF-25A8BE49FFDC}.Debug|Any CPU.Build.0 = Debug|Any CPU
		{725AFEA6-9D73-4E36-A7FF-25A8BE49FFDC}.Release|Any CPU.ActiveCfg = Release|Any CPU
		{725AFEA6-9D73-4E36-A7FF-25A8BE49FFDC}.Release|Any CPU.Build.0 = Release|Any CPU
		{E7F7C07A-81C2-40F1-B2B2-56ED952B6EF4}.Debug|Any CPU.ActiveCfg = Debug|Any CPU
		{E7F7C07A-81C2-40F1-B2B2-56ED952B6EF4}.Debug|Any CPU.Build.0 = Debug|Any CPU
		{E7F7C07A-81C2-40F1-B2B2-56ED952B6EF4}.Release|Any CPU.ActiveCfg = Release|Any CPU
		{E7F7C07A-81C2-40F1-B2B2-56ED952B6EF4}.Release|Any CPU.Build.0 = Release|Any CPU
		{8C435140-C23A-4E0A-A05C-91CAD37304A1}.Debug|Any CPU.ActiveCfg = Debug|Any CPU
		{8C435140-C23A-4E0A-A05C-91CAD37304A1}.Debug|Any CPU.Build.0 = Debug|Any CPU
		{8C435140-C23A-4E0A-A05C-91CAD37304A1}.Release|Any CPU.ActiveCfg = Release|Any CPU
		{8C435140-C23A-4E0A-A05C-91CAD37304A1}.Release|Any CPU.Build.0 = Release|Any CPU
		{5148922D-D634-4CE4-BC3D-2AFE011D57D8}.Debug|Any CPU.ActiveCfg = Debug|Any CPU
		{5148922D-D634-4CE4-BC3D-2AFE011D57D8}.Debug|Any CPU.Build.0 = Debug|Any CPU
		{5148922D-D634-4CE4-BC3D-2AFE011D57D8}.Release|Any CPU.ActiveCfg = Release|Any CPU
		{5148922D-D634-4CE4-BC3D-2AFE011D57D8}.Release|Any CPU.Build.0 = Release|Any CPU
	EndGlobalSection
	GlobalSection(SolutionProperties) = preSolution
		HideSolutionNode = FALSE
	EndGlobalSection
	GlobalSection(NestedProjects) = preSolution
		{4451A197-9241-42D8-8CFD-8B4C01554FA7} = {C704477E-2008-49A4-B7AD-7949ADD26386}
		{EE4F09CA-6CC9-4431-B84F-214AAAAF5593} = {60510467-9117-468C-91A6-41DC398DBFFD}
		{AFE3A24E-8C38-48A6-A20C-61B11D2FA2A6} = {2BDCB742-A18C-4318-B344-4DA420D88DFC}
		{A1C43602-5C08-408C-AD70-3A05E1D1C531} = {79B692E4-68FF-4F4D-A837-A944CE391471}
		{B157C215-2930-43D7-B607-95E78434163C} = {6A8BCA19-D237-45F1-8779-714FC82AC615}
		{595250AE-2750-4A96-9EE4-1C0BDD420F12} = {60510467-9117-468C-91A6-41DC398DBFFD}
		{725AFEA6-9D73-4E36-A7FF-25A8BE49FFDC} = {E463D966-3055-450E-BF1D-0CBE69049815}
		{E7F7C07A-81C2-40F1-B2B2-56ED952B6EF4} = {E463D966-3055-450E-BF1D-0CBE69049815}
		{8C435140-C23A-4E0A-A05C-91CAD37304A1} = {E463D966-3055-450E-BF1D-0CBE69049815}
		{5148922D-D634-4CE4-BC3D-2AFE011D57D8} = {6A8BCA19-D237-45F1-8779-714FC82AC615}
	EndGlobalSection
	GlobalSection(ExtensibilityGlobals) = postSolution
		SolutionGuid = {57CA7399-642C-4643-A4DE-A1CBC708F901}
	EndGlobalSection
EndGlobal
